// !$*UTF8*$!
{
	archiveVersion = 1;
	classes = {
	};
	objectVersion = 46;
	objects = {

/* Begin PBXBuildFile section */
		7A2B56251BBBE75B0091E17A /* AppDelegate.swift in Sources */ = {isa = PBXBuildFile; fileRef = 7A2B56241BBBE75B0091E17A /* AppDelegate.swift */; };
		7A2B56271BBBE75B0091E17A /* ViewController.swift in Sources */ = {isa = PBXBuildFile; fileRef = 7A2B56261BBBE75B0091E17A /* ViewController.swift */; };
		7A2B562C1BBBE75B0091E17A /* Assets.xcassets in Resources */ = {isa = PBXBuildFile; fileRef = 7A2B562B1BBBE75B0091E17A /* Assets.xcassets */; };
		7A2B562F1BBBE75B0091E17A /* LaunchScreen.storyboard in Resources */ = {isa = PBXBuildFile; fileRef = 7A2B562D1BBBE75B0091E17A /* LaunchScreen.storyboard */; };
/* End PBXBuildFile section */

/* Begin PBXFileReference section */
		7A2B56211BBBE75B0091E17A /* PulsatingViewDemo.app */ = {isa = PBXFileReference; explicitFileType = wrapper.application; includeInIndex = 0; path = PulsatingViewDemo.app; sourceTree = BUILT_PRODUCTS_DIR; };
		7A2B56241BBBE75B0091E17A /* AppDelegate.swift */ = {isa = PBXFileReference; lastKnownFileType = sourcecode.swift; path = AppDelegate.swift; sourceTree = "<group>"; };
		7A2B56261BBBE75B0091E17A /* ViewController.swift */ = {isa = PBXFileReference; lastKnownFileType = sourcecode.swift; path = ViewController.swift; sourceTree = "<group>"; };
		7A2B562B1BBBE75B0091E17A /* Assets.xcassets */ = {isa = PBXFileReference; lastKnownFileType = folder.assetcatalog; path = Assets.xcassets; sourceTree = "<group>"; };
		7A2B562E1BBBE75B0091E17A /* Base */ = {isa = PBXFileReference; lastKnownFileType = file.storyboard; name = Base; path = Base.lproj/LaunchScreen.storyboard; sourceTree = "<group>"; };
		7A2B56301BBBE75B0091E17A /* Info.plist */ = {isa = PBXFileReference; lastKnownFileType = text.plist.xml; path = Info.plist; sourceTree = "<group>"; };
/* End PBXFileReference section */

/* Begin PBXFrameworksBuildPhase section */
		7A2B561E1BBBE75B0091E17A /* Frameworks */ = {
			isa = PBXFrameworksBuildPhase;
			buildActionMask = 2147483647;
			files = (
			);
			runOnlyForDeploymentPostprocessing = 0;
		};
/* End PBXFrameworksBuildPhase section */

/* Begin PBXGroup section */
		7A2B56181BBBE75B0091E17A = {
			isa = PBXGroup;
			children = (
				7A2B56231BBBE75B0091E17A /* PulsatingViewDemo */,
				7A2B56221BBBE75B0091E17A /* Products */,
			);
			sourceTree = "<group>";
		};
		7A2B56221BBBE75B0091E17A /* Products */ = {
			isa = PBXGroup;
			children = (
				7A2B56211BBBE75B0091E17A /* PulsatingViewDemo.app */,
			);
			name = Products;
			sourceTree = "<group>";
		};
		7A2B56231BBBE75B0091E17A /* PulsatingViewDemo */ = {
			isa = PBXGroup;
			children = (
				7A2B56241BBBE75B0091E17A /* AppDelegate.swift */,
				7A2B56261BBBE75B0091E17A /* ViewController.swift */,
				7A2B562B1BBBE75B0091E17A /* Assets.xcassets */,
				7A2B562D1BBBE75B0091E17A /* LaunchScreen.storyboard */,
				7A2B56301BBBE75B0091E17A /* Info.plist */,
			);
			path = PulsatingViewDemo;
			sourceTree = "<group>";
		};
/* End PBXGroup section */

/* Begin PBXNativeTarget section */
		7A2B56201BBBE75B0091E17A /* PulsatingViewDemo */ = {
			isa = PBXNativeTarget;
			buildConfigurationList = 7A2B56331BBBE75B0091E17A /* Build configuration list for PBXNativeTarget "PulsatingViewDemo" */;
			buildPhases = (
				7A2B561D1BBBE75B0091E17A /* Sources */,
				7A2B561E1BBBE75B0091E17A /* Frameworks */,
				7A2B561F1BBBE75B0091E17A /* Resources */,
			);
			buildRules = (
			);
			dependencies = (
			);
			name = PulsatingViewDemo;
			productName = PulsatingViewDemo;
			productReference = 7A2B56211BBBE75B0091E17A /* PulsatingViewDemo.app */;
			productType = "com.apple.product-type.application";
		};
/* End PBXNativeTarget section */

/* Begin PBXProject section */
		7A2B56191BBBE75B0091E17A /* Project object */ = {
			isa = PBXProject;
			attributes = {
				LastUpgradeCheck = 0700;
				ORGANIZATIONNAME = "Jonas Reinsch";
				TargetAttributes = {
					7A2B56201BBBE75B0091E17A = {
						CreatedOnToolsVersion = 7.0;
					};
				};
			};
			buildConfigurationList = 7A2B561C1BBBE75B0091E17A /* Build configuration list for PBXProject "PulsatingViewDemo" */;
			compatibilityVersion = "Xcode 3.2";
			developmentRegion = English;
			hasScannedForEncodings = 0;
			knownRegions = (
				en,
				Base,
			);
			mainGroup = 7A2B56181BBBE75B0091E17A;
			productRefGroup = 7A2B56221BBBE75B0091E17A /* Products */;
			projectDirPath = "";
			projectRoot = "";
			targets = (
				7A2B56201BBBE75B0091E17A /* PulsatingViewDemo */,
			);
		};
/* End PBXProject section */

/* Begin PBXResourcesBuildPhase section */
		7A2B561F1BBBE75B0091E17A /* Resources */ = {
			isa = PBXResourcesBuildPhase;
			buildActionMask = 2147483647;
			files = (
				7A2B562F1BBBE75B0091E17A /* LaunchScreen.storyboard in Resources */,
				7A2B562C1BBBE75B0091E17A /* Assets.xcassets in Resources */,
			);
			runOnlyForDeploymentPostprocessing = 0;
		};
/* End PBXResourcesBuildPhase section */

/* Begin PBXSourcesBuildPhase section */
		7A2B561D1BBBE75B0091E17A /* Sources */ = {
			isa = PBXSourcesBuildPhase;
			buildActionMask = 2147483647;
			files = (
				7A2B56271BBBE75B0091E17A /* ViewController.swift in Sources */,
				7A2B56251BBBE75B0091E17A /* AppDelegate.swift in Sources */,
			);
			runOnlyForDeploymentPostprocessing = 0;
		};
/* End PBXSourcesBuildPhase section */

/* Begin PBXVariantGroup section */
		7A2B562D1BBBE75B0091E17A /* LaunchScreen.storyboard */ = {
			isa = PBXVariantGroup;
			children = (
				7A2B562E1BBBE75B0091E17A /* Base */,
			);
			name = LaunchScreen.storyboard;
			sourceTree = "<group>";
		};
/* End PBXVariantGroup section */

/* Begin XCBuildConfiguration section */
		7A2B56311BBBE75B0091E17A /* Debug */ = {
			isa = XCBuildConfiguration;
			buildSettings = {
				ALWAYS_SEARCH_USER_PATHS = NO;
				CLANG_CXX_LANGUAGE_STANDARD = "gnu++0x";
				CLANG_CXX_LIBRARY = "libc++";
				CLANG_ENABLE_MODULES = YES;
				CLANG_ENABLE_OBJC_ARC = YES;
				CLANG_WARN_BOOL_CONVERSION = YES;
				CLANG_WARN_CONSTANT_CONVERSION = YES;
				CLANG_WARN_DIRECT_OBJC_ISA_USAGE = YES_ERROR;
				CLANG_WARN_EMPTY_BODY = YES;
				CLANG_WARN_ENUM_CONVERSION = YES;
				CLANG_WARN_INT_CONVERSION = YES;
				CLANG_WARN_OBJC_ROOT_CLASS = YES_ERROR;
				CLANG_WARN_UNREACHABLE_CODE = YES;
				CLANG_WARN__DUPLICATE_METHOD_MATCH = YES;
				"CODE_SIGN_IDENTITY[sdk=iphoneos*]" = "iPhone Developer";
				COPY_PHASE_STRIP = NO;
				DEBUG_INFORMATION_FORMAT = dwarf;
				ENABLE_STRICT_OBJC_MSGSEND = YES;
				ENABLE_TESTABILITY = YES;
				GCC_C_LANGUAGE_STANDARD = gnu99;
				GCC_DYNAMIC_NO_PIC = NO;
				GCC_NO_COMMON_BLOCKS = YES;
				GCC_OPTIMIZATION_LEVEL = 0;
				GCC_PREPROCESSOR_DEFINITIONS = (
					"DEBUG=1",
					"$(inherited)",
				);
				GCC_WARN_64_TO_32_BIT_CONVERSION = YES;
				GCC_WARN_ABOUT_RETURN_TYPE = YES_ERROR;
				GCC_WARN_UNDECLARED_SELECTOR = YES;
				GCC_WARN_UNINITIALIZED_AUTOS = YES_AGGRESSIVE;
				GCC_WARN_UNUSED_FUNCTION = YES;
				GCC_WARN_UNUSED_VARIABLE = YES;
				IPHONEOS_DEPLOYMENT_TARGET = 9.0;
				MTL_ENABLE_DEBUG_INFO = YES;
				ONLY_ACTIVE_ARCH = YES;
				SDKROOT = iphoneos;
				SWIFT_OPTIMIZATION_LEVEL = "-Onone";
			};
			name = Debug;
		};
		7A2B56321BBBE75B0091E17A /* Release */ = {
			isa = XCBuildConfiguration;
			buildSettings = {
				ALWAYS_SEARCH_USER_PATHS = NO;
				CLANG_CXX_LANGUAGE_STANDARD = "gnu++0x";
				CLANG_CXX_LIBRARY = "libc++";
				CLANG_ENABLE_MODULES = YES;
				CLANG_ENABLE_OBJC_ARC = YES;
				CLANG_WARN_BOOL_CONVERSION = YES;
				CLANG_WARN_CONSTANT_CONVERSION = YES;
				CLANG_WARN_DIRECT_OBJC_ISA_USAGE = YES_ERROR;
				CLANG_WARN_EMPTY_BODY = YES;
				CLANG_WARN_ENUM_CONVERSION = YES;
				CLANG_WARN_INT_CONVERSION = YES;
				CLANG_WARN_OBJC_ROOT_CLASS = YES_ERROR;
				CLANG_WARN_UNREACHABLE_CODE = YES;
				CLANG_WARN__DUPLICATE_METHOD_MATCH = YES;
				"CODE_SIGN_IDENTITY[sdk=iphoneos*]" = "iPhone Developer";
				COPY_PHASE_STRIP = NO;
				DEBUG_INFORMATION_FORMAT = "dwarf-with-dsym";
				ENABLE_NS_ASSERTIONS = NO;
				ENABLE_STRICT_OBJC_MSGSEND = YES;
				GCC_C_LANGUAGE_STANDARD = gnu99;
				GCC_NO_COMMON_BLOCKS = YES;
				GCC_WARN_64_TO_32_BIT_CONVERSION = YES;
				GCC_WARN_ABOUT_RETURN_TYPE = YES_ERROR;
				GCC_WARN_UNDECLARED_SELECTOR = YES;
				GCC_WARN_UNINITIALIZED_AUTOS = YES_AGGRESSIVE;
				GCC_WARN_UNUSED_FUNCTION = YES;
				GCC_WARN_UNUSED_VARIABLE = YES;
				IPHONEOS_DEPLOYMENT_TARGET = 9.0;
				MTL_ENABLE_DEBUG_INFO = NO;
				SDKROOT = iphoneos;
				VALIDATE_PRODUCT = YES;
			};
			name = Release;
		};
		7A2B56341BBBE75B0091E17A /* Debug */ = {
			isa = XCBuildConfiguration;
			buildSettings = {
				ASSETCATALOG_COMPILER_APPICON_NAME = AppIcon;
				INFOPLIST_FILE = PulsatingViewDemo/Info.plist;
				LD_RUNPATH_SEARCH_PATHS = "$(inherited) @executable_path/Frameworks";
				PRODUCT_BUNDLE_IDENTIFIER = com.jonasreinsch.PulsatingViewDemo;
				PRODUCT_NAME = "$(TARGET_NAME)";
			};
			name = Debug;
		};
		7A2B56351BBBE75B0091E17A /* Release */ = {
			isa = XCBuildConfiguration;
			buildSettings = {
				ASSETCATALOG_COMPILER_APPICON_NAME = AppIcon;
				INFOPLIST_FILE = PulsatingViewDemo/Info.plist;
				LD_RUNPATH_SEARCH_PATHS = "$(inherited) @executable_path/Frameworks";
				PRODUCT_BUNDLE_IDENTIFIER = com.jonasreinsch.PulsatingViewDemo;
				PRODUCT_NAME = "$(TARGET_NAME)";
			};
			name = Release;
		};
/* End XCBuildConfiguration section */

/* Begin XCConfigurationList section */
		7A2B561C1BBBE75B0091E17A /* Build configuration list for PBXProject "PulsatingViewDemo" */ = {
			isa = XCConfigurationList;
			buildConfigurations = (
				7A2B56311BBBE75B0091E17A /* Debug */,
				7A2B56321BBBE75B0091E17A /* Release */,
			);
			defaultConfigurationIsVisible = 0;
			defaultConfigurationName = Release;
		};
		7A2B56331BBBE75B0091E17A /* Build configuration list for PBXNativeTarget "PulsatingViewDemo" */ = {
			isa = XCConfigurationList;
			buildConfigurations = (
				7A2B56341BBBE75B0091E17A /* Debug */,
				7A2B56351BBBE75B0091E17A /* Release */,
			);
			defaultConfigurationIsVisible = 0;
		};
/* End XCConfigurationList section */
	};
	rootObject = 7A2B56191BBBE75B0091E17A /* Project object */;
}
