// !$*UTF8*$!
{
	archiveVersion = 1;
	classes = {
	};
	objectVersion = 46;
	objects = {

/* Begin PBXBuildFile section */
		7ACFA2FA1BA6F07900CCF469 /* AppDelegate.swift in Sources */ = {isa = PBXBuildFile; fileRef = 7ACFA2F91BA6F07900CCF469 /* AppDelegate.swift */; };
		7ACFA2FC1BA6F07900CCF469 /* ViewController.swift in Sources */ = {isa = PBXBuildFile; fileRef = 7ACFA2FB1BA6F07900CCF469 /* ViewController.swift */; };
		7ACFA3011BA6F07900CCF469 /* Images.xcassets in Resources */ = {isa = PBXBuildFile; fileRef = 7ACFA3001BA6F07900CCF469 /* Images.xcassets */; };
		7ACFA3041BA6F07900CCF469 /* LaunchScreen.xib in Resources */ = {isa = PBXBuildFile; fileRef = 7ACFA3021BA6F07900CCF469 /* LaunchScreen.xib */; };
		7ACFA3101BA6F07900CCF469 /* DrawLineTests.swift in Sources */ = {isa = PBXBuildFile; fileRef = 7ACFA30F1BA6F07900CCF469 /* DrawLineTests.swift */; };
/* End PBXBuildFile section */

/* Begin PBXContainerItemProxy section */
		7ACFA30A1BA6F07900CCF469 /* PBXContainerItemProxy */ = {
			isa = PBXContainerItemProxy;
			containerPortal = 7ACFA2EC1BA6F07900CCF469 /* Project object */;
			proxyType = 1;
			remoteGlobalIDString = 7ACFA2F31BA6F07900CCF469;
			remoteInfo = DrawLine;
		};
/* End PBXContainerItemProxy section */

/* Begin PBXFileReference section */
		7ACFA2F41BA6F07900CCF469 /* DrawLine.app */ = {isa = PBXFileReference; explicitFileType = wrapper.application; includeInIndex = 0; path = DrawLine.app; sourceTree = BUILT_PRODUCTS_DIR; };
		7ACFA2F81BA6F07900CCF469 /* Info.plist */ = {isa = PBXFileReference; lastKnownFileType = text.plist.xml; path = Info.plist; sourceTree = "<group>"; };
		7ACFA2F91BA6F07900CCF469 /* AppDelegate.swift */ = {isa = PBXFileReference; lastKnownFileType = sourcecode.swift; path = AppDelegate.swift; sourceTree = "<group>"; };
		7ACFA2FB1BA6F07900CCF469 /* ViewController.swift */ = {isa = PBXFileReference; lastKnownFileType = sourcecode.swift; path = ViewController.swift; sourceTree = "<group>"; };
		7ACFA3001BA6F07900CCF469 /* Images.xcassets */ = {isa = PBXFileReference; lastKnownFileType = folder.assetcatalog; path = Images.xcassets; sourceTree = "<group>"; };
		7ACFA3031BA6F07900CCF469 /* Base */ = {isa = PBXFileReference; lastKnownFileType = file.xib; name = Base; path = Base.lproj/LaunchScreen.xib; sourceTree = "<group>"; };
		7ACFA3091BA6F07900CCF469 /* DrawLineTests.xctest */ = {isa = PBXFileReference; explicitFileType = wrapper.cfbundle; includeInIndex = 0; path = DrawLineTests.xctest; sourceTree = BUILT_PRODUCTS_DIR; };
		7ACFA30E1BA6F07900CCF469 /* Info.plist */ = {isa = PBXFileReference; lastKnownFileType = text.plist.xml; path = Info.plist; sourceTree = "<group>"; };
		7ACFA30F1BA6F07900CCF469 /* DrawLineTests.swift */ = {isa = PBXFileReference; lastKnownFileType = sourcecode.swift; path = DrawLineTests.swift; sourceTree = "<group>"; };
/* End PBXFileReference section */

/* Begin PBXFrameworksBuildPhase section */
		7ACFA2F11BA6F07900CCF469 /* Frameworks */ = {
			isa = PBXFrameworksBuildPhase;
			buildActionMask = 2147483647;
			files = (
			);
			runOnlyForDeploymentPostprocessing = 0;
		};
		7ACFA3061BA6F07900CCF469 /* Frameworks */ = {
			isa = PBXFrameworksBuildPhase;
			buildActionMask = 2147483647;
			files = (
			);
			runOnlyForDeploymentPostprocessing = 0;
		};
/* End PBXFrameworksBuildPhase section */

/* Begin PBXGroup section */
		7ACFA2EB1BA6F07900CCF469 = {
			isa = PBXGroup;
			children = (
				7ACFA2F61BA6F07900CCF469 /* DrawLine */,
				7ACFA30C1BA6F07900CCF469 /* DrawLineTests */,
				7ACFA2F51BA6F07900CCF469 /* Products */,
			);
			sourceTree = "<group>";
		};
		7ACFA2F51BA6F07900CCF469 /* Products */ = {
			isa = PBXGroup;
			children = (
				7ACFA2F41BA6F07900CCF469 /* DrawLine.app */,
				7ACFA3091BA6F07900CCF469 /* DrawLineTests.xctest */,
			);
			name = Products;
			sourceTree = "<group>";
		};
		7ACFA2F61BA6F07900CCF469 /* DrawLine */ = {
			isa = PBXGroup;
			children = (
				7ACFA2F91BA6F07900CCF469 /* AppDelegate.swift */,
				7ACFA2FB1BA6F07900CCF469 /* ViewController.swift */,
				7ACFA3001BA6F07900CCF469 /* Images.xcassets */,
				7ACFA3021BA6F07900CCF469 /* LaunchScreen.xib */,
				7ACFA2F71BA6F07900CCF469 /* Supporting Files */,
			);
			path = DrawLine;
			sourceTree = "<group>";
		};
		7ACFA2F71BA6F07900CCF469 /* Supporting Files */ = {
			isa = PBXGroup;
			children = (
				7ACFA2F81BA6F07900CCF469 /* Info.plist */,
			);
			name = "Supporting Files";
			sourceTree = "<group>";
		};
		7ACFA30C1BA6F07900CCF469 /* DrawLineTests */ = {
			isa = PBXGroup;
			children = (
				7ACFA30F1BA6F07900CCF469 /* DrawLineTests.swift */,
				7ACFA30D1BA6F07900CCF469 /* Supporting Files */,
			);
			path = DrawLineTests;
			sourceTree = "<group>";
		};
		7ACFA30D1BA6F07900CCF469 /* Supporting Files */ = {
			isa = PBXGroup;
			children = (
				7ACFA30E1BA6F07900CCF469 /* Info.plist */,
			);
			name = "Supporting Files";
			sourceTree = "<group>";
		};
/* End PBXGroup section */

/* Begin PBXNativeTarget section */
		7ACFA2F31BA6F07900CCF469 /* DrawLine */ = {
			isa = PBXNativeTarget;
			buildConfigurationList = 7ACFA3131BA6F07900CCF469 /* Build configuration list for PBXNativeTarget "DrawLine" */;
			buildPhases = (
				7ACFA2F01BA6F07900CCF469 /* Sources */,
				7ACFA2F11BA6F07900CCF469 /* Frameworks */,
				7ACFA2F21BA6F07900CCF469 /* Resources */,
			);
			buildRules = (
			);
			dependencies = (
			);
			name = DrawLine;
			productName = DrawLine;
			productReference = 7ACFA2F41BA6F07900CCF469 /* DrawLine.app */;
			productType = "com.apple.product-type.application";
		};
		7ACFA3081BA6F07900CCF469 /* DrawLineTests */ = {
			isa = PBXNativeTarget;
			buildConfigurationList = 7ACFA3161BA6F07900CCF469 /* Build configuration list for PBXNativeTarget "DrawLineTests" */;
			buildPhases = (
				7ACFA3051BA6F07900CCF469 /* Sources */,
				7ACFA3061BA6F07900CCF469 /* Frameworks */,
				7ACFA3071BA6F07900CCF469 /* Resources */,
			);
			buildRules = (
			);
			dependencies = (
				7ACFA30B1BA6F07900CCF469 /* PBXTargetDependency */,
			);
			name = DrawLineTests;
			productName = DrawLineTests;
			productReference = 7ACFA3091BA6F07900CCF469 /* DrawLineTests.xctest */;
			productType = "com.apple.product-type.bundle.unit-test";
		};
/* End PBXNativeTarget section */

/* Begin PBXProject section */
		7ACFA2EC1BA6F07900CCF469 /* Project object */ = {
			isa = PBXProject;
			attributes = {
				LastUpgradeCheck = 0640;
				ORGANIZATIONNAME = "Jonas Reinsch";
				TargetAttributes = {
					7ACFA2F31BA6F07900CCF469 = {
						CreatedOnToolsVersion = 6.4;
					};
					7ACFA3081BA6F07900CCF469 = {
						CreatedOnToolsVersion = 6.4;
						TestTargetID = 7ACFA2F31BA6F07900CCF469;
					};
				};
			};
			buildConfigurationList = 7ACFA2EF1BA6F07900CCF469 /* Build configuration list for PBXProject "DrawLine" */;
			compatibilityVersion = "Xcode 3.2";
			developmentRegion = English;
			hasScannedForEncodings = 0;
			knownRegions = (
				en,
				Base,
			);
			mainGroup = 7ACFA2EB1BA6F07900CCF469;
			productRefGroup = 7ACFA2F51BA6F07900CCF469 /* Products */;
			projectDirPath = "";
			projectRoot = "";
			targets = (
				7ACFA2F31BA6F07900CCF469 /* DrawLine */,
				7ACFA3081BA6F07900CCF469 /* DrawLineTests */,
			);
		};
/* End PBXProject section */

/* Begin PBXResourcesBuildPhase section */
		7ACFA2F21BA6F07900CCF469 /* Resources */ = {
			isa = PBXResourcesBuildPhase;
			buildActionMask = 2147483647;
			files = (
				7ACFA3041BA6F07900CCF469 /* LaunchScreen.xib in Resources */,
				7ACFA3011BA6F07900CCF469 /* Images.xcassets in Resources */,
			);
			runOnlyForDeploymentPostprocessing = 0;
		};
		7ACFA3071BA6F07900CCF469 /* Resources */ = {
			isa = PBXResourcesBuildPhase;
			buildActionMask = 2147483647;
			files = (
			);
			runOnlyForDeploymentPostprocessing = 0;
		};
/* End PBXResourcesBuildPhase section */

/* Begin PBXSourcesBuildPhase section */
		7ACFA2F01BA6F07900CCF469 /* Sources */ = {
			isa = PBXSourcesBuildPhase;
			buildActionMask = 2147483647;
			files = (
				7ACFA2FC1BA6F07900CCF469 /* ViewController.swift in Sources */,
				7ACFA2FA1BA6F07900CCF469 /* AppDelegate.swift in Sources */,
			);
			runOnlyForDeploymentPostprocessing = 0;
		};
		7ACFA3051BA6F07900CCF469 /* Sources */ = {
			isa = PBXSourcesBuildPhase;
			buildActionMask = 2147483647;
			files = (
				7ACFA3101BA6F07900CCF469 /* DrawLineTests.swift in Sources */,
			);
			runOnlyForDeploymentPostprocessing = 0;
		};
/* End PBXSourcesBuildPhase section */

/* Begin PBXTargetDependency section */
		7ACFA30B1BA6F07900CCF469 /* PBXTargetDependency */ = {
			isa = PBXTargetDependency;
			target = 7ACFA2F31BA6F07900CCF469 /* DrawLine */;
			targetProxy = 7ACFA30A1BA6F07900CCF469 /* PBXContainerItemProxy */;
		};
/* End PBXTargetDependency section */

/* Begin PBXVariantGroup section */
		7ACFA3021BA6F07900CCF469 /* LaunchScreen.xib */ = {
			isa = PBXVariantGroup;
			children = (
				7ACFA3031BA6F07900CCF469 /* Base */,
			);
			name = LaunchScreen.xib;
			sourceTree = "<group>";
		};
/* End PBXVariantGroup section */

/* Begin XCBuildConfiguration section */
		7ACFA3111BA6F07900CCF469 /* Debug */ = {
			isa = XCBuildConfiguration;
			buildSettings = {
				ALWAYS_SEARCH_USER_PATHS = NO;
				CLANG_CXX_LANGUAGE_STANDARD = "gnu++0x";
				CLANG_CXX_LIBRARY = "libc++";
				CLANG_ENABLE_MODULES = YES;
				CLANG_ENABLE_OBJC_ARC = YES;
				CLANG_WARN_BOOL_CONVERSION = YES;
				CLANG_WARN_CONSTANT_CONVERSION = YES;
				CLANG_WARN_DIRECT_OBJC_ISA_USAGE = YES_ERROR;
				CLANG_WARN_EMPTY_BODY = YES;
				CLANG_WARN_ENUM_CONVERSION = YES;
				CLANG_WARN_INT_CONVERSION = YES;
				CLANG_WARN_OBJC_ROOT_CLASS = YES_ERROR;
				CLANG_WARN_UNREACHABLE_CODE = YES;
				CLANG_WARN__DUPLICATE_METHOD_MATCH = YES;
				"CODE_SIGN_IDENTITY[sdk=iphoneos*]" = "iPhone Developer";
				COPY_PHASE_STRIP = NO;
				DEBUG_INFORMATION_FORMAT = "dwarf-with-dsym";
				ENABLE_STRICT_OBJC_MSGSEND = YES;
				GCC_C_LANGUAGE_STANDARD = gnu99;
				GCC_DYNAMIC_NO_PIC = NO;
				GCC_NO_COMMON_BLOCKS = YES;
				GCC_OPTIMIZATION_LEVEL = 0;
				GCC_PREPROCESSOR_DEFINITIONS = (
					"DEBUG=1",
					"$(inherited)",
				);
				GCC_SYMBOLS_PRIVATE_EXTERN = NO;
				GCC_WARN_64_TO_32_BIT_CONVERSION = YES;
				GCC_WARN_ABOUT_RETURN_TYPE = YES_ERROR;
				GCC_WARN_UNDECLARED_SELECTOR = YES;
				GCC_WARN_UNINITIALIZED_AUTOS = YES_AGGRESSIVE;
				GCC_WARN_UNUSED_FUNCTION = YES;
				GCC_WARN_UNUSED_VARIABLE = YES;
				IPHONEOS_DEPLOYMENT_TARGET = 8.4;
				MTL_ENABLE_DEBUG_INFO = YES;
				ONLY_ACTIVE_ARCH = YES;
				SDKROOT = iphoneos;
				SWIFT_OPTIMIZATION_LEVEL = "-Onone";
			};
			name = Debug;
		};
		7ACFA3121BA6F07900CCF469 /* Release */ = {
			isa = XCBuildConfiguration;
			buildSettings = {
				ALWAYS_SEARCH_USER_PATHS = NO;
				CLANG_CXX_LANGUAGE_STANDARD = "gnu++0x";
				CLANG_CXX_LIBRARY = "libc++";
				CLANG_ENABLE_MODULES = YES;
				CLANG_ENABLE_OBJC_ARC = YES;
				CLANG_WARN_BOOL_CONVERSION = YES;
				CLANG_WARN_CONSTANT_CONVERSION = YES;
				CLANG_WARN_DIRECT_OBJC_ISA_USAGE = YES_ERROR;
				CLANG_WARN_EMPTY_BODY = YES;
				CLANG_WARN_ENUM_CONVERSION = YES;
				CLANG_WARN_INT_CONVERSION = YES;
				CLANG_WARN_OBJC_ROOT_CLASS = YES_ERROR;
				CLANG_WARN_UNREACHABLE_CODE = YES;
				CLANG_WARN__DUPLICATE_METHOD_MATCH = YES;
				"CODE_SIGN_IDENTITY[sdk=iphoneos*]" = "iPhone Developer";
				COPY_PHASE_STRIP = NO;
				DEBUG_INFORMATION_FORMAT = "dwarf-with-dsym";
				ENABLE_NS_ASSERTIONS = NO;
				ENABLE_STRICT_OBJC_MSGSEND = YES;
				GCC_C_LANGUAGE_STANDARD = gnu99;
				GCC_NO_COMMON_BLOCKS = YES;
				GCC_WARN_64_TO_32_BIT_CONVERSION = YES;
				GCC_WARN_ABOUT_RETURN_TYPE = YES_ERROR;
				GCC_WARN_UNDECLARED_SELECTOR = YES;
				GCC_WARN_UNINITIALIZED_AUTOS = YES_AGGRESSIVE;
				GCC_WARN_UNUSED_FUNCTION = YES;
				GCC_WARN_UNUSED_VARIABLE = YES;
				IPHONEOS_DEPLOYMENT_TARGET = 8.4;
				MTL_ENABLE_DEBUG_INFO = NO;
				SDKROOT = iphoneos;
				VALIDATE_PRODUCT = YES;
			};
			name = Release;
		};
		7ACFA3141BA6F07900CCF469 /* Debug */ = {
			isa = XCBuildConfiguration;
			buildSettings = {
				ASSETCATALOG_COMPILER_APPICON_NAME = AppIcon;
				INFOPLIST_FILE = DrawLine/Info.plist;
				LD_RUNPATH_SEARCH_PATHS = "$(inherited) @executable_path/Frameworks";
				PRODUCT_NAME = "$(TARGET_NAME)";
			};
			name = Debug;
		};
		7ACFA3151BA6F07900CCF469 /* Release */ = {
			isa = XCBuildConfiguration;
			buildSettings = {
				ASSETCATALOG_COMPILER_APPICON_NAME = AppIcon;
				INFOPLIST_FILE = DrawLine/Info.plist;
				LD_RUNPATH_SEARCH_PATHS = "$(inherited) @executable_path/Frameworks";
				PRODUCT_NAME = "$(TARGET_NAME)";
			};
			name = Release;
		};
		7ACFA3171BA6F07900CCF469 /* Debug */ = {
			isa = XCBuildConfiguration;
			buildSettings = {
				BUNDLE_LOADER = "$(TEST_HOST)";
				FRAMEWORK_SEARCH_PATHS = (
					"$(SDKROOT)/Developer/Library/Frameworks",
					"$(inherited)",
				);
				GCC_PREPROCESSOR_DEFINITIONS = (
					"DEBUG=1",
					"$(inherited)",
				);
				INFOPLIST_FILE = DrawLineTests/Info.plist;
				LD_RUNPATH_SEARCH_PATHS = "$(inherited) @executable_path/Frameworks @loader_path/Frameworks";
				PRODUCT_NAME = "$(TARGET_NAME)";
				TEST_HOST = "$(BUILT_PRODUCTS_DIR)/DrawLine.app/DrawLine";
			};
			name = Debug;
		};
		7ACFA3181BA6F07900CCF469 /* Release */ = {
			isa = XCBuildConfiguration;
			buildSettings = {
				BUNDLE_LOADER = "$(TEST_HOST)";
				FRAMEWORK_SEARCH_PATHS = (
					"$(SDKROOT)/Developer/Library/Frameworks",
					"$(inherited)",
				);
				INFOPLIST_FILE = DrawLineTests/Info.plist;
				LD_RUNPATH_SEARCH_PATHS = "$(inherited) @executable_path/Frameworks @loader_path/Frameworks";
				PRODUCT_NAME = "$(TARGET_NAME)";
				TEST_HOST = "$(BUILT_PRODUCTS_DIR)/DrawLine.app/DrawLine";
			};
			name = Release;
		};
/* End XCBuildConfiguration section */

/* Begin XCConfigurationList section */
		7ACFA2EF1BA6F07900CCF469 /* Build configuration list for PBXProject "DrawLine" */ = {
			isa = XCConfigurationList;
			buildConfigurations = (
				7ACFA3111BA6F07900CCF469 /* Debug */,
				7ACFA3121BA6F07900CCF469 /* Release */,
			);
			defaultConfigurationIsVisible = 0;
			defaultConfigurationName = Release;
		};
		7ACFA3131BA6F07900CCF469 /* Build configuration list for PBXNativeTarget "DrawLine" */ = {
			isa = XCConfigurationList;
			buildConfigurations = (
				7ACFA3141BA6F07900CCF469 /* Debug */,
				7ACFA3151BA6F07900CCF469 /* Release */,
			);
			defaultConfigurationIsVisible = 0;
		};
		7ACFA3161BA6F07900CCF469 /* Build configuration list for PBXNativeTarget "DrawLineTests" */ = {
			isa = XCConfigurationList;
			buildConfigurations = (
				7ACFA3171BA6F07900CCF469 /* Debug */,
				7ACFA3181BA6F07900CCF469 /* Release */,
			);
			defaultConfigurationIsVisible = 0;
		};
/* End XCConfigurationList section */
	};
	rootObject = 7ACFA2EC1BA6F07900CCF469 /* Project object */;
}
