// !$*UTF8*$!
{
	archiveVersion = 1;
	classes = {
	};
	objectVersion = 46;
	objects = {

/* Begin PBXBuildFile section */
		7ACA3D801C5A666A00140583 /* AppDelegate.swift in Sources */ = {isa = PBXBuildFile; fileRef = 7ACA3D7F1C5A666A00140583 /* AppDelegate.swift */; };
		7ACA3D821C5A666A00140583 /* ViewController.swift in Sources */ = {isa = PBXBuildFile; fileRef = 7ACA3D811C5A666A00140583 /* ViewController.swift */; };
		7ACA3D851C5A666A00140583 /* Main.storyboard in Resources */ = {isa = PBXBuildFile; fileRef = 7ACA3D831C5A666A00140583 /* Main.storyboard */; };
		7ACA3D871C5A666A00140583 /* Assets.xcassets in Resources */ = {isa = PBXBuildFile; fileRef = 7ACA3D861C5A666A00140583 /* Assets.xcassets */; };
		7ACA3D8A1C5A666A00140583 /* LaunchScreen.storyboard in Resources */ = {isa = PBXBuildFile; fileRef = 7ACA3D881C5A666A00140583 /* LaunchScreen.storyboard */; };
/* End PBXBuildFile section */

/* Begin PBXFileReference section */
		7ACA3D7C1C5A666A00140583 /* UISearchControllerDemoSimple.app */ = {isa = PBXFileReference; explicitFileType = wrapper.application; includeInIndex = 0; path = UISearchControllerDemoSimple.app; sourceTree = BUILT_PRODUCTS_DIR; };
		7ACA3D7F1C5A666A00140583 /* AppDelegate.swift */ = {isa = PBXFileReference; lastKnownFileType = sourcecode.swift; path = AppDelegate.swift; sourceTree = "<group>"; };
		7ACA3D811C5A666A00140583 /* ViewController.swift */ = {isa = PBXFileReference; lastKnownFileType = sourcecode.swift; path = ViewController.swift; sourceTree = "<group>"; };
		7ACA3D841C5A666A00140583 /* Base */ = {isa = PBXFileReference; lastKnownFileType = file.storyboard; name = Base; path = Base.lproj/Main.storyboard; sourceTree = "<group>"; };
		7ACA3D861C5A666A00140583 /* Assets.xcassets */ = {isa = PBXFileReference; lastKnownFileType = folder.assetcatalog; path = Assets.xcassets; sourceTree = "<group>"; };
		7ACA3D891C5A666A00140583 /* Base */ = {isa = PBXFileReference; lastKnownFileType = file.storyboard; name = Base; path = Base.lproj/LaunchScreen.storyboard; sourceTree = "<group>"; };
		7ACA3D8B1C5A666A00140583 /* Info.plist */ = {isa = PBXFileReference; lastKnownFileType = text.plist.xml; path = Info.plist; sourceTree = "<group>"; };
/* End PBXFileReference section */

/* Begin PBXFrameworksBuildPhase section */
		7ACA3D791C5A666A00140583 /* Frameworks */ = {
			isa = PBXFrameworksBuildPhase;
			buildActionMask = 2147483647;
			files = (
			);
			runOnlyForDeploymentPostprocessing = 0;
		};
/* End PBXFrameworksBuildPhase section */

/* Begin PBXGroup section */
		7ACA3D731C5A666A00140583 = {
			isa = PBXGroup;
			children = (
				7ACA3D7E1C5A666A00140583 /* UISearchControllerDemoSimple */,
				7ACA3D7D1C5A666A00140583 /* Products */,
			);
			sourceTree = "<group>";
		};
		7ACA3D7D1C5A666A00140583 /* Products */ = {
			isa = PBXGroup;
			children = (
				7ACA3D7C1C5A666A00140583 /* UISearchControllerDemoSimple.app */,
			);
			name = Products;
			sourceTree = "<group>";
		};
		7ACA3D7E1C5A666A00140583 /* UISearchControllerDemoSimple */ = {
			isa = PBXGroup;
			children = (
				7ACA3D7F1C5A666A00140583 /* AppDelegate.swift */,
				7ACA3D811C5A666A00140583 /* ViewController.swift */,
				7ACA3D831C5A666A00140583 /* Main.storyboard */,
				7ACA3D861C5A666A00140583 /* Assets.xcassets */,
				7ACA3D881C5A666A00140583 /* LaunchScreen.storyboard */,
				7ACA3D8B1C5A666A00140583 /* Info.plist */,
			);
			path = UISearchControllerDemoSimple;
			sourceTree = "<group>";
		};
/* End PBXGroup section */

/* Begin PBXNativeTarget section */
		7ACA3D7B1C5A666A00140583 /* UISearchControllerDemoSimple */ = {
			isa = PBXNativeTarget;
			buildConfigurationList = 7ACA3D8E1C5A666A00140583 /* Build configuration list for PBXNativeTarget "UISearchControllerDemoSimple" */;
			buildPhases = (
				7ACA3D781C5A666A00140583 /* Sources */,
				7ACA3D791C5A666A00140583 /* Frameworks */,
				7ACA3D7A1C5A666A00140583 /* Resources */,
			);
			buildRules = (
			);
			dependencies = (
			);
			name = UISearchControllerDemoSimple;
			productName = UISearchControllerDemoSimple;
			productReference = 7ACA3D7C1C5A666A00140583 /* UISearchControllerDemoSimple.app */;
			productType = "com.apple.product-type.application";
		};
/* End PBXNativeTarget section */

/* Begin PBXProject section */
		7ACA3D741C5A666A00140583 /* Project object */ = {
			isa = PBXProject;
			attributes = {
				LastSwiftUpdateCheck = 0720;
				LastUpgradeCheck = 0720;
				ORGANIZATIONNAME = "Jonas Reinsch";
				TargetAttributes = {
					7ACA3D7B1C5A666A00140583 = {
						CreatedOnToolsVersion = 7.2;
					};
				};
			};
			buildConfigurationList = 7ACA3D771C5A666A00140583 /* Build configuration list for PBXProject "UISearchControllerDemoSimple" */;
			compatibilityVersion = "Xcode 3.2";
			developmentRegion = English;
			hasScannedForEncodings = 0;
			knownRegions = (
				en,
				Base,
			);
			mainGroup = 7ACA3D731C5A666A00140583;
			productRefGroup = 7ACA3D7D1C5A666A00140583 /* Products */;
			projectDirPath = "";
			projectRoot = "";
			targets = (
				7ACA3D7B1C5A666A00140583 /* UISearchControllerDemoSimple */,
			);
		};
/* End PBXProject section */

/* Begin PBXResourcesBuildPhase section */
		7ACA3D7A1C5A666A00140583 /* Resources */ = {
			isa = PBXResourcesBuildPhase;
			buildActionMask = 2147483647;
			files = (
				7ACA3D8A1C5A666A00140583 /* LaunchScreen.storyboard in Resources */,
				7ACA3D871C5A666A00140583 /* Assets.xcassets in Resources */,
				7ACA3D851C5A666A00140583 /* Main.storyboard in Resources */,
			);
			runOnlyForDeploymentPostprocessing = 0;
		};
/* End PBXResourcesBuildPhase section */

/* Begin PBXSourcesBuildPhase section */
		7ACA3D781C5A666A00140583 /* Sources */ = {
			isa = PBXSourcesBuildPhase;
			buildActionMask = 2147483647;
			files = (
				7ACA3D821C5A666A00140583 /* ViewController.swift in Sources */,
				7ACA3D801C5A666A00140583 /* AppDelegate.swift in Sources */,
			);
			runOnlyForDeploymentPostprocessing = 0;
		};
/* End PBXSourcesBuildPhase section */

/* Begin PBXVariantGroup section */
		7ACA3D831C5A666A00140583 /* Main.storyboard */ = {
			isa = PBXVariantGroup;
			children = (
				7ACA3D841C5A666A00140583 /* Base */,
			);
			name = Main.storyboard;
			sourceTree = "<group>";
		};
		7ACA3D881C5A666A00140583 /* LaunchScreen.storyboard */ = {
			isa = PBXVariantGroup;
			children = (
				7ACA3D891C5A666A00140583 /* Base */,
			);
			name = LaunchScreen.storyboard;
			sourceTree = "<group>";
		};
/* End PBXVariantGroup section */

/* Begin XCBuildConfiguration section */
		7ACA3D8C1C5A666A00140583 /* Debug */ = {
			isa = XCBuildConfiguration;
			buildSettings = {
				ALWAYS_SEARCH_USER_PATHS = NO;
				CLANG_CXX_LANGUAGE_STANDARD = "gnu++0x";
				CLANG_CXX_LIBRARY = "libc++";
				CLANG_ENABLE_MODULES = YES;
				CLANG_ENABLE_OBJC_ARC = YES;
				CLANG_WARN_BOOL_CONVERSION = YES;
				CLANG_WARN_CONSTANT_CONVERSION = YES;
				CLANG_WARN_DIRECT_OBJC_ISA_USAGE = YES_ERROR;
				CLANG_WARN_EMPTY_BODY = YES;
				CLANG_WARN_ENUM_CONVERSION = YES;
				CLANG_WARN_INT_CONVERSION = YES;
				CLANG_WARN_OBJC_ROOT_CLASS = YES_ERROR;
				CLANG_WARN_UNREACHABLE_CODE = YES;
				CLANG_WARN__DUPLICATE_METHOD_MATCH = YES;
				"CODE_SIGN_IDENTITY[sdk=iphoneos*]" = "iPhone Developer";
				COPY_PHASE_STRIP = NO;
				DEBUG_INFORMATION_FORMAT = dwarf;
				ENABLE_STRICT_OBJC_MSGSEND = YES;
				ENABLE_TESTABILITY = YES;
				GCC_C_LANGUAGE_STANDARD = gnu99;
				GCC_DYNAMIC_NO_PIC = NO;
				GCC_NO_COMMON_BLOCKS = YES;
				GCC_OPTIMIZATION_LEVEL = 0;
				GCC_PREPROCESSOR_DEFINITIONS = (
					"DEBUG=1",
					"$(inherited)",
				);
				GCC_WARN_64_TO_32_BIT_CONVERSION = YES;
				GCC_WARN_ABOUT_RETURN_TYPE = YES_ERROR;
				GCC_WARN_UNDECLARED_SELECTOR = YES;
				GCC_WARN_UNINITIALIZED_AUTOS = YES_AGGRESSIVE;
				GCC_WARN_UNUSED_FUNCTION = YES;
				GCC_WARN_UNUSED_VARIABLE = YES;
				IPHONEOS_DEPLOYMENT_TARGET = 9.2;
				MTL_ENABLE_DEBUG_INFO = YES;
				ONLY_ACTIVE_ARCH = YES;
				SDKROOT = iphoneos;
				SWIFT_OPTIMIZATION_LEVEL = "-Onone";
				TARGETED_DEVICE_FAMILY = "1,2";
			};
			name = Debug;
		};
		7ACA3D8D1C5A666A00140583 /* Release */ = {
			isa = XCBuildConfiguration;
			buildSettings = {
				ALWAYS_SEARCH_USER_PATHS = NO;
				CLANG_CXX_LANGUAGE_STANDARD = "gnu++0x";
				CLANG_CXX_LIBRARY = "libc++";
				CLANG_ENABLE_MODULES = YES;
				CLANG_ENABLE_OBJC_ARC = YES;
				CLANG_WARN_BOOL_CONVERSION = YES;
				CLANG_WARN_CONSTANT_CONVERSION = YES;
				CLANG_WARN_DIRECT_OBJC_ISA_USAGE = YES_ERROR;
				CLANG_WARN_EMPTY_BODY = YES;
				CLANG_WARN_ENUM_CONVERSION = YES;
				CLANG_WARN_INT_CONVERSION = YES;
				CLANG_WARN_OBJC_ROOT_CLASS = YES_ERROR;
				CLANG_WARN_UNREACHABLE_CODE = YES;
				CLANG_WARN__DUPLICATE_METHOD_MATCH = YES;
				"CODE_SIGN_IDENTITY[sdk=iphoneos*]" = "iPhone Developer";
				COPY_PHASE_STRIP = NO;
				DEBUG_INFORMATION_FORMAT = "dwarf-with-dsym";
				ENABLE_NS_ASSERTIONS = NO;
				ENABLE_STRICT_OBJC_MSGSEND = YES;
				GCC_C_LANGUAGE_STANDARD = gnu99;
				GCC_NO_COMMON_BLOCKS = YES;
				GCC_WARN_64_TO_32_BIT_CONVERSION = YES;
				GCC_WARN_ABOUT_RETURN_TYPE = YES_ERROR;
				GCC_WARN_UNDECLARED_SELECTOR = YES;
				GCC_WARN_UNINITIALIZED_AUTOS = YES_AGGRESSIVE;
				GCC_WARN_UNUSED_FUNCTION = YES;
				GCC_WARN_UNUSED_VARIABLE = YES;
				IPHONEOS_DEPLOYMENT_TARGET = 9.2;
				MTL_ENABLE_DEBUG_INFO = NO;
				SDKROOT = iphoneos;
				TARGETED_DEVICE_FAMILY = "1,2";
				VALIDATE_PRODUCT = YES;
			};
			name = Release;
		};
		7ACA3D8F1C5A666A00140583 /* Debug */ = {
			isa = XCBuildConfiguration;
			buildSettings = {
				ASSETCATALOG_COMPILER_APPICON_NAME = AppIcon;
				INFOPLIST_FILE = UISearchControllerDemoSimple/Info.plist;
				LD_RUNPATH_SEARCH_PATHS = "$(inherited) @executable_path/Frameworks";
				PRODUCT_BUNDLE_IDENTIFIER = com.jonasreinsch.UISearchControllerDemoSimple;
				PRODUCT_NAME = "$(TARGET_NAME)";
			};
			name = Debug;
		};
		7ACA3D901C5A666A00140583 /* Release */ = {
			isa = XCBuildConfiguration;
			buildSettings = {
				ASSETCATALOG_COMPILER_APPICON_NAME = AppIcon;
				INFOPLIST_FILE = UISearchControllerDemoSimple/Info.plist;
				LD_RUNPATH_SEARCH_PATHS = "$(inherited) @executable_path/Frameworks";
				PRODUCT_BUNDLE_IDENTIFIER = com.jonasreinsch.UISearchControllerDemoSimple;
				PRODUCT_NAME = "$(TARGET_NAME)";
			};
			name = Release;
		};
/* End XCBuildConfiguration section */

/* Begin XCConfigurationList section */
		7ACA3D771C5A666A00140583 /* Build configuration list for PBXProject "UISearchControllerDemoSimple" */ = {
			isa = XCConfigurationList;
			buildConfigurations = (
				7ACA3D8C1C5A666A00140583 /* Debug */,
				7ACA3D8D1C5A666A00140583 /* Release */,
			);
			defaultConfigurationIsVisible = 0;
			defaultConfigurationName = Release;
		};
		7ACA3D8E1C5A666A00140583 /* Build configuration list for PBXNativeTarget "UISearchControllerDemoSimple" */ = {
			isa = XCConfigurationList;
			buildConfigurations = (
				7ACA3D8F1C5A666A00140583 /* Debug */,
				7ACA3D901C5A666A00140583 /* Release */,
			);
			defaultConfigurationIsVisible = 0;
		};
/* End XCConfigurationList section */
	};
	rootObject = 7ACA3D741C5A666A00140583 /* Project object */;
}
