// !$*UTF8*$!
{
	archiveVersion = 1;
	classes = {
	};
	objectVersion = 46;
	objects = {

/* Begin PBXBuildFile section */
		7AC3ECAA1DEE60380059819D /* AppDelegate.swift in Sources */ = {isa = PBXBuildFile; fileRef = 7AC3ECA91DEE60380059819D /* AppDelegate.swift */; };
		7AC3ECAC1DEE60380059819D /* ViewController.swift in Sources */ = {isa = PBXBuildFile; fileRef = 7AC3ECAB1DEE60380059819D /* ViewController.swift */; };
		7AC3ECB11DEE60380059819D /* Assets.xcassets in Resources */ = {isa = PBXBuildFile; fileRef = 7AC3ECB01DEE60380059819D /* Assets.xcassets */; };
		7AC3ECB41DEE60380059819D /* LaunchScreen.storyboard in Resources */ = {isa = PBXBuildFile; fileRef = 7AC3ECB21DEE60380059819D /* LaunchScreen.storyboard */; };
		7AC3ECBC1DEE60C40059819D /* Draggable.swift in Sources */ = {isa = PBXBuildFile; fileRef = 7AC3ECBB1DEE60C40059819D /* Draggable.swift */; };
/* End PBXBuildFile section */

/* Begin PBXFileReference section */
		7AC3ECA61DEE60380059819D /* DuoSlider.app */ = {isa = PBXFileReference; explicitFileType = wrapper.application; includeInIndex = 0; path = DuoSlider.app; sourceTree = BUILT_PRODUCTS_DIR; };
		7AC3ECA91DEE60380059819D /* AppDelegate.swift */ = {isa = PBXFileReference; lastKnownFileType = sourcecode.swift; path = AppDelegate.swift; sourceTree = "<group>"; };
		7AC3ECAB1DEE60380059819D /* ViewController.swift */ = {isa = PBXFileReference; lastKnownFileType = sourcecode.swift; path = ViewController.swift; sourceTree = "<group>"; };
		7AC3ECB01DEE60380059819D /* Assets.xcassets */ = {isa = PBXFileReference; lastKnownFileType = folder.assetcatalog; path = Assets.xcassets; sourceTree = "<group>"; };
		7AC3ECB31DEE60380059819D /* Base */ = {isa = PBXFileReference; lastKnownFileType = file.storyboard; name = Base; path = Base.lproj/LaunchScreen.storyboard; sourceTree = "<group>"; };
		7AC3ECB51DEE60380059819D /* Info.plist */ = {isa = PBXFileReference; lastKnownFileType = text.plist.xml; path = Info.plist; sourceTree = "<group>"; };
		7AC3ECBB1DEE60C40059819D /* Draggable.swift */ = {isa = PBXFileReference; fileEncoding = 4; lastKnownFileType = sourcecode.swift; path = Draggable.swift; sourceTree = "<group>"; };
/* End PBXFileReference section */

/* Begin PBXFrameworksBuildPhase section */
		7AC3ECA31DEE60380059819D /* Frameworks */ = {
			isa = PBXFrameworksBuildPhase;
			buildActionMask = 2147483647;
			files = (
			);
			runOnlyForDeploymentPostprocessing = 0;
		};
/* End PBXFrameworksBuildPhase section */

/* Begin PBXGroup section */
		7AC3EC9D1DEE60380059819D = {
			isa = PBXGroup;
			children = (
				7AC3ECA81DEE60380059819D /* DuoSlider */,
				7AC3ECA71DEE60380059819D /* Products */,
			);
			sourceTree = "<group>";
		};
		7AC3ECA71DEE60380059819D /* Products */ = {
			isa = PBXGroup;
			children = (
				7AC3ECA61DEE60380059819D /* DuoSlider.app */,
			);
			name = Products;
			sourceTree = "<group>";
		};
		7AC3ECA81DEE60380059819D /* DuoSlider */ = {
			isa = PBXGroup;
			children = (
				7AC3ECA91DEE60380059819D /* AppDelegate.swift */,
				7AC3ECAB1DEE60380059819D /* ViewController.swift */,
				7AC3ECBB1DEE60C40059819D /* Draggable.swift */,
				7AC3ECB01DEE60380059819D /* Assets.xcassets */,
				7AC3ECB21DEE60380059819D /* LaunchScreen.storyboard */,
				7AC3ECB51DEE60380059819D /* Info.plist */,
			);
			path = DuoSlider;
			sourceTree = "<group>";
		};
/* End PBXGroup section */

/* Begin PBXNativeTarget section */
		7AC3ECA51DEE60380059819D /* DuoSlider */ = {
			isa = PBXNativeTarget;
			buildConfigurationList = 7AC3ECB81DEE60380059819D /* Build configuration list for PBXNativeTarget "DuoSlider" */;
			buildPhases = (
				7AC3ECA21DEE60380059819D /* Sources */,
				7AC3ECA31DEE60380059819D /* Frameworks */,
				7AC3ECA41DEE60380059819D /* Resources */,
			);
			buildRules = (
			);
			dependencies = (
			);
			name = DuoSlider;
			productName = DuoSlider;
			productReference = 7AC3ECA61DEE60380059819D /* DuoSlider.app */;
			productType = "com.apple.product-type.application";
		};
/* End PBXNativeTarget section */

/* Begin PBXProject section */
		7AC3EC9E1DEE60380059819D /* Project object */ = {
			isa = PBXProject;
			attributes = {
				LastSwiftUpdateCheck = 0810;
				LastUpgradeCheck = 0810;
				ORGANIZATIONNAME = "Jonas Reinsch";
				TargetAttributes = {
					7AC3ECA51DEE60380059819D = {
						CreatedOnToolsVersion = 8.1;
						DevelopmentTeam = S595XJ38G3;
						ProvisioningStyle = Automatic;
					};
				};
			};
			buildConfigurationList = 7AC3ECA11DEE60380059819D /* Build configuration list for PBXProject "DuoSlider" */;
			compatibilityVersion = "Xcode 3.2";
			developmentRegion = English;
			hasScannedForEncodings = 0;
			knownRegions = (
				en,
				Base,
			);
			mainGroup = 7AC3EC9D1DEE60380059819D;
			productRefGroup = 7AC3ECA71DEE60380059819D /* Products */;
			projectDirPath = "";
			projectRoot = "";
			targets = (
				7AC3ECA51DEE60380059819D /* DuoSlider */,
			);
		};
/* End PBXProject section */

/* Begin PBXResourcesBuildPhase section */
		7AC3ECA41DEE60380059819D /* Resources */ = {
			isa = PBXResourcesBuildPhase;
			buildActionMask = 2147483647;
			files = (
				7AC3ECB41DEE60380059819D /* LaunchScreen.storyboard in Resources */,
				7AC3ECB11DEE60380059819D /* Assets.xcassets in Resources */,
			);
			runOnlyForDeploymentPostprocessing = 0;
		};
/* End PBXResourcesBuildPhase section */

/* Begin PBXSourcesBuildPhase section */
		7AC3ECA21DEE60380059819D /* Sources */ = {
			isa = PBXSourcesBuildPhase;
			buildActionMask = 2147483647;
			files = (
				7AC3ECBC1DEE60C40059819D /* Draggable.swift in Sources */,
				7AC3ECAC1DEE60380059819D /* ViewController.swift in Sources */,
				7AC3ECAA1DEE60380059819D /* AppDelegate.swift in Sources */,
			);
			runOnlyForDeploymentPostprocessing = 0;
		};
/* End PBXSourcesBuildPhase section */

/* Begin PBXVariantGroup section */
		7AC3ECB21DEE60380059819D /* LaunchScreen.storyboard */ = {
			isa = PBXVariantGroup;
			children = (
				7AC3ECB31DEE60380059819D /* Base */,
			);
			name = LaunchScreen.storyboard;
			sourceTree = "<group>";
		};
/* End PBXVariantGroup section */

/* Begin XCBuildConfiguration section */
		7AC3ECB61DEE60380059819D /* Debug */ = {
			isa = XCBuildConfiguration;
			buildSettings = {
				ALWAYS_SEARCH_USER_PATHS = NO;
				CLANG_ANALYZER_NONNULL = YES;
				CLANG_CXX_LANGUAGE_STANDARD = "gnu++0x";
				CLANG_CXX_LIBRARY = "libc++";
				CLANG_ENABLE_MODULES = YES;
				CLANG_ENABLE_OBJC_ARC = YES;
				CLANG_WARN_BOOL_CONVERSION = YES;
				CLANG_WARN_CONSTANT_CONVERSION = YES;
				CLANG_WARN_DIRECT_OBJC_ISA_USAGE = YES_ERROR;
				CLANG_WARN_DOCUMENTATION_COMMENTS = YES;
				CLANG_WARN_EMPTY_BODY = YES;
				CLANG_WARN_ENUM_CONVERSION = YES;
				CLANG_WARN_INFINITE_RECURSION = YES;
				CLANG_WARN_INT_CONVERSION = YES;
				CLANG_WARN_OBJC_ROOT_CLASS = YES_ERROR;
				CLANG_WARN_SUSPICIOUS_MOVES = YES;
				CLANG_WARN_UNREACHABLE_CODE = YES;
				CLANG_WARN__DUPLICATE_METHOD_MATCH = YES;
				"CODE_SIGN_IDENTITY[sdk=iphoneos*]" = "iPhone Developer";
				COPY_PHASE_STRIP = NO;
				DEBUG_INFORMATION_FORMAT = dwarf;
				ENABLE_STRICT_OBJC_MSGSEND = YES;
				ENABLE_TESTABILITY = YES;
				GCC_C_LANGUAGE_STANDARD = gnu99;
				GCC_DYNAMIC_NO_PIC = NO;
				GCC_NO_COMMON_BLOCKS = YES;
				GCC_OPTIMIZATION_LEVEL = 0;
				GCC_PREPROCESSOR_DEFINITIONS = (
					"DEBUG=1",
					"$(inherited)",
				);
				GCC_WARN_64_TO_32_BIT_CONVERSION = YES;
				GCC_WARN_ABOUT_RETURN_TYPE = YES_ERROR;
				GCC_WARN_UNDECLARED_SELECTOR = YES;
				GCC_WARN_UNINITIALIZED_AUTOS = YES_AGGRESSIVE;
				GCC_WARN_UNUSED_FUNCTION = YES;
				GCC_WARN_UNUSED_VARIABLE = YES;
				IPHONEOS_DEPLOYMENT_TARGET = 10.1;
				MTL_ENABLE_DEBUG_INFO = YES;
				ONLY_ACTIVE_ARCH = YES;
				SDKROOT = iphoneos;
				SWIFT_ACTIVE_COMPILATION_CONDITIONS = DEBUG;
				SWIFT_OPTIMIZATION_LEVEL = "-Onone";
				TARGETED_DEVICE_FAMILY = "1,2";
			};
			name = Debug;
		};
		7AC3ECB71DEE60380059819D /* Release */ = {
			isa = XCBuildConfiguration;
			buildSettings = {
				ALWAYS_SEARCH_USER_PATHS = NO;
				CLANG_ANALYZER_NONNULL = YES;
				CLANG_CXX_LANGUAGE_STANDARD = "gnu++0x";
				CLANG_CXX_LIBRARY = "libc++";
				CLANG_ENABLE_MODULES = YES;
				CLANG_ENABLE_OBJC_ARC = YES;
				CLANG_WARN_BOOL_CONVERSION = YES;
				CLANG_WARN_CONSTANT_CONVERSION = YES;
				CLANG_WARN_DIRECT_OBJC_ISA_USAGE = YES_ERROR;
				CLANG_WARN_DOCUMENTATION_COMMENTS = YES;
				CLANG_WARN_EMPTY_BODY = YES;
				CLANG_WARN_ENUM_CONVERSION = YES;
				CLANG_WARN_INFINITE_RECURSION = YES;
				CLANG_WARN_INT_CONVERSION = YES;
				CLANG_WARN_OBJC_ROOT_CLASS = YES_ERROR;
				CLANG_WARN_SUSPICIOUS_MOVES = YES;
				CLANG_WARN_UNREACHABLE_CODE = YES;
				CLANG_WARN__DUPLICATE_METHOD_MATCH = YES;
				"CODE_SIGN_IDENTITY[sdk=iphoneos*]" = "iPhone Developer";
				COPY_PHASE_STRIP = NO;
				DEBUG_INFORMATION_FORMAT = "dwarf-with-dsym";
				ENABLE_NS_ASSERTIONS = NO;
				ENABLE_STRICT_OBJC_MSGSEND = YES;
				GCC_C_LANGUAGE_STANDARD = gnu99;
				GCC_NO_COMMON_BLOCKS = YES;
				GCC_WARN_64_TO_32_BIT_CONVERSION = YES;
				GCC_WARN_ABOUT_RETURN_TYPE = YES_ERROR;
				GCC_WARN_UNDECLARED_SELECTOR = YES;
				GCC_WARN_UNINITIALIZED_AUTOS = YES_AGGRESSIVE;
				GCC_WARN_UNUSED_FUNCTION = YES;
				GCC_WARN_UNUSED_VARIABLE = YES;
				IPHONEOS_DEPLOYMENT_TARGET = 10.1;
				MTL_ENABLE_DEBUG_INFO = NO;
				SDKROOT = iphoneos;
				SWIFT_OPTIMIZATION_LEVEL = "-Owholemodule";
				TARGETED_DEVICE_FAMILY = "1,2";
				VALIDATE_PRODUCT = YES;
			};
			name = Release;
		};
		7AC3ECB91DEE60380059819D /* Debug */ = {
			isa = XCBuildConfiguration;
			buildSettings = {
				ASSETCATALOG_COMPILER_APPICON_NAME = AppIcon;
				DEVELOPMENT_TEAM = S595XJ38G3;
				INFOPLIST_FILE = DuoSlider/Info.plist;
				LD_RUNPATH_SEARCH_PATHS = "$(inherited) @executable_path/Frameworks";
				PRODUCT_BUNDLE_IDENTIFIER = com.jonasreinsch.DuoSlider;
				PRODUCT_NAME = "$(TARGET_NAME)";
				SWIFT_VERSION = 3.0;
			};
			name = Debug;
		};
		7AC3ECBA1DEE60380059819D /* Release */ = {
			isa = XCBuildConfiguration;
			buildSettings = {
				ASSETCATALOG_COMPILER_APPICON_NAME = AppIcon;
				DEVELOPMENT_TEAM = S595XJ38G3;
				INFOPLIST_FILE = DuoSlider/Info.plist;
				LD_RUNPATH_SEARCH_PATHS = "$(inherited) @executable_path/Frameworks";
				PRODUCT_BUNDLE_IDENTIFIER = com.jonasreinsch.DuoSlider;
				PRODUCT_NAME = "$(TARGET_NAME)";
				SWIFT_VERSION = 3.0;
			};
			name = Release;
		};
/* End XCBuildConfiguration section */

/* Begin XCConfigurationList section */
		7AC3ECA11DEE60380059819D /* Build configuration list for PBXProject "DuoSlider" */ = {
			isa = XCConfigurationList;
			buildConfigurations = (
				7AC3ECB61DEE60380059819D /* Debug */,
				7AC3ECB71DEE60380059819D /* Release */,
			);
			defaultConfigurationIsVisible = 0;
			defaultConfigurationName = Release;
		};
		7AC3ECB81DEE60380059819D /* Build configuration list for PBXNativeTarget "DuoSlider" */ = {
			isa = XCConfigurationList;
			buildConfigurations = (
				7AC3ECB91DEE60380059819D /* Debug */,
				7AC3ECBA1DEE60380059819D /* Release */,
			);
			defaultConfigurationIsVisible = 0;
			defaultConfigurationName = Release;
		};
/* End XCConfigurationList section */
	};
	rootObject = 7AC3EC9E1DEE60380059819D /* Project object */;
}
